{
  "name": "c-clang",
  "lockfileVersion": 3,
  "requires": true,
  "packages": {
    "": {
      "dependencies": {
        "@bazel/ibazel": "^0.25.0"
      }
    },
    "node_modules/@bazel/ibazel": {
      "version": "0.25.0",
      "resolved": "https://registry.npmjs.org/@bazel/ibazel/-/ibazel-0.25.0.tgz",
      "integrity": "sha512-dtosfsuZCSaqlUe5EyxNdaN7Gow0Y+ZJixdlciytcSieUcB/1lXPFTx6OihxhjgtTHkeFovlQ/QbvArRPnk+nQ==",
      "license": "Apache-2.0",
      "bin": {
        "ibazel": "index.js"
      }
    }
  }
}
